
Microsoft Visual Studio Solution File, Format Version 12.00
# Visual Studio 2013
VisualStudioVersion = 12.0.40629.0
MinimumVisualStudioVersion = 10.0.40219.1
Project("{FAE04EC0-301F-11D3-BF4B-00C04F79EFBC}") = "bookkeeping", "bookkeeping\bookkeeping.csproj", "{0150B432-A455-4950-84CD-B957D5DE1688}"
EndProject
Project("{FAE04EC0-301F-11D3-BF4B-00C04F79EFBC}") = "bookkeeping.Tests", "bookkeeping.Tests\bookkeeping.Tests.csproj", "{15CE01D8-ED87-4114-9E09-1D8E19BCF447}"
EndProject
Global
	GlobalSection(SolutionConfigurationPlatforms) = preSolution
		Debug|Any CPU = Debug|Any CPU
		Release|Any CPU = Release|Any CPU
	EndGlobalSection
	GlobalSection(ProjectConfigurationPlatforms) = postSolution
		{0150B432-A455-4950-84CD-B957D5DE1688}.Debug|Any CPU.ActiveCfg = Debug|Any CPU
		{0150B432-A455-4950-84CD-B957D5DE1688}.Debug|Any CPU.Build.0 = Debug|Any CPU
		{0150B432-A455-4950-84CD-B957D5DE1688}.Release|Any CPU.ActiveCfg = Release|Any CPU
		{0150B432-A455-4950-84CD-B957D5DE1688}.Release|Any CPU.Build.0 = Release|Any CPU
		{15CE01D8-ED87-4114-9E09-1D8E19BCF447}.Debug|Any CPU.ActiveCfg = Debug|Any CPU
		{15CE01D8-ED87-4114-9E09-1D8E19BCF447}.Debug|Any CPU.Build.0 = Debug|Any CPU
		{15CE01D8-ED87-4114-9E09-1D8E19BCF447}.Release|Any CPU.ActiveCfg = Release|Any CPU
		{15CE01D8-ED87-4114-9E09-1D8E19BCF447}.Release|Any CPU.Build.0 = Release|Any CPU
	EndGlobalSection
	GlobalSection(SolutionProperties) = preSolution
		HideSolutionNode = FALSE
	EndGlobalSection
EndGlobal
